
Microsoft Visual Studio Solution File, Format Version 12.00
# Visual Studio Version 17
VisualStudioVersion = 17.4.33122.133
MinimumVisualStudioVersion = 10.0.40219.1
Project("{FAE04EC0-301F-11D3-BF4B-00C04F79EFBC}") = "MyGuestbook", "MyGuestbook\MyGuestbook.csproj", "{0E7AC21A-94D0-498E-AC23-6E3AB6EE195B}"
EndProject
Global
	GlobalSection(SolutionConfigurationPlatforms) = preSolution
		Debug|Any CPU = Debug|Any CPU
		Release|Any CPU = Release|Any CPU
	EndGlobalSection
	GlobalSection(ProjectConfigurationPlatforms) = postSolution
		{0E7AC21A-94D0-498E-AC23-6E3AB6EE195B}.Debug|Any CPU.ActiveCfg = Debug|Any CPU
		{0E7AC21A-94D0-498E-AC23-6E3AB6EE195B}.Debug|Any CPU.Build.0 = Debug|Any CPU
		{0E7AC21A-94D0-498E-AC23-6E3AB6EE195B}.Release|Any CPU.ActiveCfg = Release|Any CPU
		{0E7AC21A-94D0-498E-AC23-6E3AB6EE195B}.Release|Any CPU.Build.0 = Release|Any CPU
	EndGlobalSection
	GlobalSection(SolutionProperties) = preSolution
		HideSolutionNode = FALSE
	EndGlobalSection
	GlobalSection(ExtensibilityGlobals) = postSolution
		SolutionGuid = {76A43D69-4171-48C2-BB40-27342648526B}
	EndGlobalSection
EndGlobal
